
Microsoft Visual Studio Solution File, Format Version 12.00
# Visual Studio Version 17
VisualStudioVersion = 17.0.31903.59
MinimumVisualStudioVersion = 10.0.40219.1
Project("{FAE04EC0-301F-11D3-BF4B-00C04F79EFBC}") = "Backend", "Backend\Backend.csproj", "{5D984B38-C18B-4948-AE62-B043709C9AE1}"
EndProject
Global
	GlobalSection(SolutionConfigurationPlatforms) = preSolution
		Debug|Any CPU = Debug|Any CPU
		Release|Any CPU = Release|Any CPU
	EndGlobalSection
	GlobalSection(ProjectConfigurationPlatforms) = postSolution
		{5D984B38-C18B-4948-AE62-B043709C9AE1}.Debug|Any CPU.ActiveCfg = Debug|Any CPU
		{5D984B38-C18B-4948-AE62-B043709C9AE1}.Debug|Any CPU.Build.0 = Debug|Any CPU
		{5D984B38-C18B-4948-AE62-B043709C9AE1}.Release|Any CPU.ActiveCfg = Release|Any CPU
		{5D984B38-C18B-4948-AE62-B043709C9AE1}.Release|Any CPU.Build.0 = Release|Any CPU
	EndGlobalSection
	GlobalSection(SolutionProperties) = preSolution
		HideSolutionNode = FALSE
	EndGlobalSection
	GlobalSection(ExtensibilityGlobals) = postSolution
		SolutionGuid = {7A981834-1DA6-42CB-B5CD-6A343742F169}
	EndGlobalSection
EndGlobal
